
Microsoft Visual Studio Solution File, Format Version 12.00
# Visual Studio 15
VisualStudioVersion = 15.0.28010.2003
MinimumVisualStudioVersion = 10.0.40219.1
Project("{FAE04EC0-301F-11D3-BF4B-00C04F79EFBC}") = "Messenger", "Messenger\Messenger.csproj", "{854D826E-360C-444B-AA52-D0EB78485A02}"
EndProject
Global
	GlobalSection(SolutionConfigurationPlatforms) = preSolution
		Debug|Any CPU = Debug|Any CPU
		Release|Any CPU = Release|Any CPU
	EndGlobalSection
	GlobalSection(ProjectConfigurationPlatforms) = postSolution
		{854D826E-360C-444B-AA52-D0EB78485A02}.Debug|Any CPU.ActiveCfg = Debug|Any CPU
		{854D826E-360C-444B-AA52-D0EB78485A02}.Debug|Any CPU.Build.0 = Debug|Any CPU
		{854D826E-360C-444B-AA52-D0EB78485A02}.Release|Any CPU.ActiveCfg = Release|Any CPU
		{854D826E-360C-444B-AA52-D0EB78485A02}.Release|Any CPU.Build.0 = Release|Any CPU
	EndGlobalSection
	GlobalSection(SolutionProperties) = preSolution
		HideSolutionNode = FALSE
	EndGlobalSection
	GlobalSection(ExtensibilityGlobals) = postSolution
		SolutionGuid = {E5A188C8-9359-472E-B7DA-78B7059BD61D}
	EndGlobalSection
EndGlobal
